// !$*UTF8*$!
{
	archiveVersion = 1;
	classes = {
	};
	objectVersion = 56;
	objects = {

/* Begin PBXBuildFile section */
		2623A23329AA7BBF00E7C193 /* ChatTableViewCell.swift in Sources */ = {isa = PBXBuildFile; fileRef = 2623A23229AA7BBF00E7C193 /* ChatTableViewCell.swift */; };
		26302B3D299B2656008AB32D /* AppDelegate.swift in Sources */ = {isa = PBXBuildFile; fileRef = 26302B3C299B2656008AB32D /* AppDelegate.swift */; };
		26302B3F299B2656008AB32D /* GameScene.sks in Resources */ = {isa = PBXBuildFile; fileRef = 26302B3E299B2656008AB32D /* GameScene.sks */; };
		26302B41299B2656008AB32D /* Actions.sks in Resources */ = {isa = PBXBuildFile; fileRef = 26302B40299B2656008AB32D /* Actions.sks */; };
		26302B43299B2656008AB32D /* GameScene.swift in Sources */ = {isa = PBXBuildFile; fileRef = 26302B42299B2656008AB32D /* GameScene.swift */; };
		26302B45299B2656008AB32D /* GameViewController.swift in Sources */ = {isa = PBXBuildFile; fileRef = 26302B44299B2656008AB32D /* GameViewController.swift */; };
		26302B48299B2656008AB32D /* Main.storyboard in Resources */ = {isa = PBXBuildFile; fileRef = 26302B46299B2656008AB32D /* Main.storyboard */; };
		26302B4A299B2658008AB32D /* Assets.xcassets in Resources */ = {isa = PBXBuildFile; fileRef = 26302B49299B2658008AB32D /* Assets.xcassets */; };
		26302B4D299B2658008AB32D /* LaunchScreen.storyboard in Resources */ = {isa = PBXBuildFile; fileRef = 26302B4B299B2658008AB32D /* LaunchScreen.storyboard */; };
		26302B55299B2904008AB32D /* Constants.swift in Sources */ = {isa = PBXBuildFile; fileRef = 26302B54299B2904008AB32D /* Constants.swift */; };
		26302B58299B29C4008AB32D /* Piece.swift in Sources */ = {isa = PBXBuildFile; fileRef = 26302B57299B29C4008AB32D /* Piece.swift */; };
		26302B5A299B2A1E008AB32D /* Index.swift in Sources */ = {isa = PBXBuildFile; fileRef = 26302B59299B2A1E008AB32D /* Index.swift */; };
		26302B5C299B2A54008AB32D /* Board.swift in Sources */ = {isa = PBXBuildFile; fileRef = 26302B5B299B2A54008AB32D /* Board.swift */; };
		26302B5F299B2A98008AB32D /* Chat.swift in Sources */ = {isa = PBXBuildFile; fileRef = 26302B5E299B2A98008AB32D /* Chat.swift */; };
		26302B62299B2AA7008AB32D /* Message.swift in Sources */ = {isa = PBXBuildFile; fileRef = 26302B61299B2AA7008AB32D /* Message.swift */; };
		26302B65299B2B50008AB32D /* BoardDelegate.swift in Sources */ = {isa = PBXBuildFile; fileRef = 26302B64299B2B50008AB32D /* BoardDelegate.swift */; };
		26302B67299B2B72008AB32D /* PieceDelegate.swift in Sources */ = {isa = PBXBuildFile; fileRef = 26302B66299B2B72008AB32D /* PieceDelegate.swift */; };
		26302B69299B2BC4008AB32D /* SquareStateDelegate.swift in Sources */ = {isa = PBXBuildFile; fileRef = 26302B68299B2BC4008AB32D /* SquareStateDelegate.swift */; };
		26302B6C299BB00B008AB32D /* SocketService.swift in Sources */ = {isa = PBXBuildFile; fileRef = 26302B6B299BB00B008AB32D /* SocketService.swift */; };
		267382EC299D0E4000E9CC30 /* SquareState.swift in Sources */ = {isa = PBXBuildFile; fileRef = 267382EB299D0E4000E9CC30 /* SquareState.swift */; };
		267382EE299D11A400E9CC30 /* SquareNode.swift in Sources */ = {isa = PBXBuildFile; fileRef = 267382ED299D11A400E9CC30 /* SquareNode.swift */; };
		98A5E107E2A058AC56676C2F /* Pods_GenkitaiSo.framework in Frameworks */ = {isa = PBXBuildFile; fileRef = B8A2D552E2699501401465FD /* Pods_GenkitaiSo.framework */; };
/* End PBXBuildFile section */

/* Begin PBXFileReference section */
		2623A23229AA7BBF00E7C193 /* ChatTableViewCell.swift */ = {isa = PBXFileReference; lastKnownFileType = sourcecode.swift; path = ChatTableViewCell.swift; sourceTree = "<group>"; };
		26302B39299B2656008AB32D /* GenkitaiSo.app */ = {isa = PBXFileReference; explicitFileType = wrapper.application; includeInIndex = 0; path = GenkitaiSo.app; sourceTree = BUILT_PRODUCTS_DIR; };
		26302B3C299B2656008AB32D /* AppDelegate.swift */ = {isa = PBXFileReference; lastKnownFileType = sourcecode.swift; path = AppDelegate.swift; sourceTree = "<group>"; };
		26302B3E299B2656008AB32D /* GameScene.sks */ = {isa = PBXFileReference; lastKnownFileType = file.sks; path = GameScene.sks; sourceTree = "<group>"; };
		26302B40299B2656008AB32D /* Actions.sks */ = {isa = PBXFileReference; lastKnownFileType = file.sks; path = Actions.sks; sourceTree = "<group>"; };
		26302B42299B2656008AB32D /* GameScene.swift */ = {isa = PBXFileReference; lastKnownFileType = sourcecode.swift; path = GameScene.swift; sourceTree = "<group>"; };
		26302B44299B2656008AB32D /* GameViewController.swift */ = {isa = PBXFileReference; lastKnownFileType = sourcecode.swift; path = GameViewController.swift; sourceTree = "<group>"; };
		26302B47299B2656008AB32D /* Base */ = {isa = PBXFileReference; lastKnownFileType = file.storyboard; name = Base; path = Base.lproj/Main.storyboard; sourceTree = "<group>"; };
		26302B49299B2658008AB32D /* Assets.xcassets */ = {isa = PBXFileReference; lastKnownFileType = folder.assetcatalog; path = Assets.xcassets; sourceTree = "<group>"; };
		26302B4C299B2658008AB32D /* Base */ = {isa = PBXFileReference; lastKnownFileType = file.storyboard; name = Base; path = Base.lproj/LaunchScreen.storyboard; sourceTree = "<group>"; };
		26302B54299B2904008AB32D /* Constants.swift */ = {isa = PBXFileReference; lastKnownFileType = sourcecode.swift; path = Constants.swift; sourceTree = "<group>"; };
		26302B57299B29C4008AB32D /* Piece.swift */ = {isa = PBXFileReference; lastKnownFileType = sourcecode.swift; path = Piece.swift; sourceTree = "<group>"; };
		26302B59299B2A1E008AB32D /* Index.swift */ = {isa = PBXFileReference; lastKnownFileType = sourcecode.swift; path = Index.swift; sourceTree = "<group>"; };
		26302B5B299B2A54008AB32D /* Board.swift */ = {isa = PBXFileReference; lastKnownFileType = sourcecode.swift; path = Board.swift; sourceTree = "<group>"; };
		26302B5E299B2A98008AB32D /* Chat.swift */ = {isa = PBXFileReference; lastKnownFileType = sourcecode.swift; path = Chat.swift; sourceTree = "<group>"; };
		26302B61299B2AA7008AB32D /* Message.swift */ = {isa = PBXFileReference; lastKnownFileType = sourcecode.swift; path = Message.swift; sourceTree = "<group>"; };
		26302B64299B2B50008AB32D /* BoardDelegate.swift */ = {isa = PBXFileReference; lastKnownFileType = sourcecode.swift; path = BoardDelegate.swift; sourceTree = "<group>"; };
		26302B66299B2B72008AB32D /* PieceDelegate.swift */ = {isa = PBXFileReference; lastKnownFileType = sourcecode.swift; path = PieceDelegate.swift; sourceTree = "<group>"; };
		26302B68299B2BC4008AB32D /* SquareStateDelegate.swift */ = {isa = PBXFileReference; lastKnownFileType = sourcecode.swift; path = SquareStateDelegate.swift; sourceTree = "<group>"; };
		26302B6B299BB00B008AB32D /* SocketService.swift */ = {isa = PBXFileReference; lastKnownFileType = sourcecode.swift; path = SocketService.swift; sourceTree = "<group>"; };
		267382EB299D0E4000E9CC30 /* SquareState.swift */ = {isa = PBXFileReference; lastKnownFileType = sourcecode.swift; path = SquareState.swift; sourceTree = "<group>"; };
		267382ED299D11A400E9CC30 /* SquareNode.swift */ = {isa = PBXFileReference; lastKnownFileType = sourcecode.swift; path = SquareNode.swift; sourceTree = "<group>"; };
		48EA2432914D60882EFA73A9 /* Pods-GenkitaiSo.debug.xcconfig */ = {isa = PBXFileReference; includeInIndex = 1; lastKnownFileType = text.xcconfig; name = "Pods-GenkitaiSo.debug.xcconfig"; path = "Target Support Files/Pods-GenkitaiSo/Pods-GenkitaiSo.debug.xcconfig"; sourceTree = "<group>"; };
		7004FACA9B209E8A249910D4 /* Pods-GenkitaiSo.release.xcconfig */ = {isa = PBXFileReference; includeInIndex = 1; lastKnownFileType = text.xcconfig; name = "Pods-GenkitaiSo.release.xcconfig"; path = "Target Support Files/Pods-GenkitaiSo/Pods-GenkitaiSo.release.xcconfig"; sourceTree = "<group>"; };
		B8A2D552E2699501401465FD /* Pods_GenkitaiSo.framework */ = {isa = PBXFileReference; explicitFileType = wrapper.framework; includeInIndex = 0; path = Pods_GenkitaiSo.framework; sourceTree = BUILT_PRODUCTS_DIR; };
/* End PBXFileReference section */

/* Begin PBXFrameworksBuildPhase section */
		26302B36299B2656008AB32D /* Frameworks */ = {
			isa = PBXFrameworksBuildPhase;
			buildActionMask = 2147483647;
			files = (
				98A5E107E2A058AC56676C2F /* Pods_GenkitaiSo.framework in Frameworks */,
			);
			runOnlyForDeploymentPostprocessing = 0;
		};
/* End PBXFrameworksBuildPhase section */

/* Begin PBXGroup section */
		26302B30299B2656008AB32D = {
			isa = PBXGroup;
			children = (
				26302B3B299B2656008AB32D /* GenkitaiSo */,
				26302B3A299B2656008AB32D /* Products */,
				F458DA1AD5AAA856DB933368 /* Pods */,
				71489237370BEEFCA6EFDB53 /* Frameworks */,
			);
			sourceTree = "<group>";
		};
		26302B3A299B2656008AB32D /* Products */ = {
			isa = PBXGroup;
			children = (
				26302B39299B2656008AB32D /* GenkitaiSo.app */,
			);
			name = Products;
			sourceTree = "<group>";
		};
		26302B3B299B2656008AB32D /* GenkitaiSo */ = {
			isa = PBXGroup;
			children = (
				26302B63299B2B3D008AB32D /* Utils */,
				26302B3C299B2656008AB32D /* AppDelegate.swift */,
				26302B6A299BAFF3008AB32D /* Service */,
				26302B53299B28F6008AB32D /* Model */,
				26302B42299B2656008AB32D /* GameScene.swift */,
				26302B44299B2656008AB32D /* GameViewController.swift */,
				2623A23229AA7BBF00E7C193 /* ChatTableViewCell.swift */,
				26EF7A9C299D1D520076BD34 /* View */,
			);
			path = GenkitaiSo;
			sourceTree = "<group>";
		};
		26302B53299B28F6008AB32D /* Model */ = {
			isa = PBXGroup;
			children = (
				26302B54299B2904008AB32D /* Constants.swift */,
				26302B56299B2998008AB32D /* Specs */,
				26302B5D299B2A83008AB32D /* Chat */,
			);
			path = Model;
			sourceTree = "<group>";
		};
		26302B56299B2998008AB32D /* Specs */ = {
			isa = PBXGroup;
			children = (
				26302B5B299B2A54008AB32D /* Board.swift */,
				26302B57299B29C4008AB32D /* Piece.swift */,
				26302B59299B2A1E008AB32D /* Index.swift */,
				267382ED299D11A400E9CC30 /* SquareNode.swift */,
				267382EB299D0E4000E9CC30 /* SquareState.swift */,
			);
			path = Specs;
			sourceTree = "<group>";
		};
		26302B5D299B2A83008AB32D /* Chat */ = {
			isa = PBXGroup;
			children = (
				26302B5E299B2A98008AB32D /* Chat.swift */,
				26302B61299B2AA7008AB32D /* Message.swift */,
			);
			path = Chat;
			sourceTree = "<group>";
		};
		26302B63299B2B3D008AB32D /* Utils */ = {
			isa = PBXGroup;
			children = (
				26302B66299B2B72008AB32D /* PieceDelegate.swift */,
				26302B68299B2BC4008AB32D /* SquareStateDelegate.swift */,
				26302B64299B2B50008AB32D /* BoardDelegate.swift */,
			);
			path = Utils;
			sourceTree = "<group>";
		};
		26302B6A299BAFF3008AB32D /* Service */ = {
			isa = PBXGroup;
			children = (
				26302B6B299BB00B008AB32D /* SocketService.swift */,
			);
			path = Service;
			sourceTree = "<group>";
		};
		26EF7A9C299D1D520076BD34 /* View */ = {
			isa = PBXGroup;
			children = (
				26302B3E299B2656008AB32D /* GameScene.sks */,
				26302B40299B2656008AB32D /* Actions.sks */,
				26302B49299B2658008AB32D /* Assets.xcassets */,
				26302B46299B2656008AB32D /* Main.storyboard */,
				26302B4B299B2658008AB32D /* LaunchScreen.storyboard */,
			);
			path = View;
			sourceTree = "<group>";
		};
		71489237370BEEFCA6EFDB53 /* Frameworks */ = {
			isa = PBXGroup;
			children = (
				B8A2D552E2699501401465FD /* Pods_GenkitaiSo.framework */,
			);
			name = Frameworks;
			sourceTree = "<group>";
		};
		F458DA1AD5AAA856DB933368 /* Pods */ = {
			isa = PBXGroup;
			children = (
				48EA2432914D60882EFA73A9 /* Pods-GenkitaiSo.debug.xcconfig */,
				7004FACA9B209E8A249910D4 /* Pods-GenkitaiSo.release.xcconfig */,
			);
			path = Pods;
			sourceTree = "<group>";
		};
/* End PBXGroup section */

/* Begin PBXNativeTarget section */
		26302B38299B2656008AB32D /* GenkitaiSo */ = {
			isa = PBXNativeTarget;
			buildConfigurationList = 26302B50299B2658008AB32D /* Build configuration list for PBXNativeTarget "GenkitaiSo" */;
			buildPhases = (
				EDE1D320D58E1ECF07D29F87 /* [CP] Check Pods Manifest.lock */,
				26302B35299B2656008AB32D /* Sources */,
				26302B36299B2656008AB32D /* Frameworks */,
				26302B37299B2656008AB32D /* Resources */,
				DC95BFDD047F9F6CF9FEE7AD /* [CP] Embed Pods Frameworks */,
			);
			buildRules = (
			);
			dependencies = (
			);
			name = GenkitaiSo;
			productName = GenkitaiSo;
			productReference = 26302B39299B2656008AB32D /* GenkitaiSo.app */;
			productType = "com.apple.product-type.application";
		};
/* End PBXNativeTarget section */

/* Begin PBXProject section */
		26302B31299B2656008AB32D /* Project object */ = {
			isa = PBXProject;
			attributes = {
				BuildIndependentTargetsInParallel = 1;
				LastSwiftUpdateCheck = 1420;
				LastUpgradeCheck = 1420;
				TargetAttributes = {
					26302B38299B2656008AB32D = {
						CreatedOnToolsVersion = 14.2;
					};
				};
			};
			buildConfigurationList = 26302B34299B2656008AB32D /* Build configuration list for PBXProject "GenkitaiSo" */;
			compatibilityVersion = "Xcode 14.0";
			developmentRegion = en;
			hasScannedForEncodings = 0;
			knownRegions = (
				en,
				Base,
			);
			mainGroup = 26302B30299B2656008AB32D;
			productRefGroup = 26302B3A299B2656008AB32D /* Products */;
			projectDirPath = "";
			projectRoot = "";
			targets = (
				26302B38299B2656008AB32D /* GenkitaiSo */,
			);
		};
/* End PBXProject section */

/* Begin PBXResourcesBuildPhase section */
		26302B37299B2656008AB32D /* Resources */ = {
			isa = PBXResourcesBuildPhase;
			buildActionMask = 2147483647;
			files = (
				26302B48299B2656008AB32D /* Main.storyboard in Resources */,
				26302B3F299B2656008AB32D /* GameScene.sks in Resources */,
				26302B4A299B2658008AB32D /* Assets.xcassets in Resources */,
				26302B4D299B2658008AB32D /* LaunchScreen.storyboard in Resources */,
				26302B41299B2656008AB32D /* Actions.sks in Resources */,
			);
			runOnlyForDeploymentPostprocessing = 0;
		};
/* End PBXResourcesBuildPhase section */

/* Begin PBXShellScriptBuildPhase section */
		DC95BFDD047F9F6CF9FEE7AD /* [CP] Embed Pods Frameworks */ = {
			isa = PBXShellScriptBuildPhase;
			buildActionMask = 2147483647;
			files = (
			);
			inputFileListPaths = (
				"${PODS_ROOT}/Target Support Files/Pods-GenkitaiSo/Pods-GenkitaiSo-frameworks-${CONFIGURATION}-input-files.xcfilelist",
			);
			name = "[CP] Embed Pods Frameworks";
			outputFileListPaths = (
				"${PODS_ROOT}/Target Support Files/Pods-GenkitaiSo/Pods-GenkitaiSo-frameworks-${CONFIGURATION}-output-files.xcfilelist",
			);
			runOnlyForDeploymentPostprocessing = 0;
			shellPath = /bin/sh;
			shellScript = "\"${PODS_ROOT}/Target Support Files/Pods-GenkitaiSo/Pods-GenkitaiSo-frameworks.sh\"\n";
			showEnvVarsInLog = 0;
		};
		EDE1D320D58E1ECF07D29F87 /* [CP] Check Pods Manifest.lock */ = {
			isa = PBXShellScriptBuildPhase;
			buildActionMask = 2147483647;
			files = (
			);
			inputFileListPaths = (
			);
			inputPaths = (
				"${PODS_PODFILE_DIR_PATH}/Podfile.lock",
				"${PODS_ROOT}/Manifest.lock",
			);
			name = "[CP] Check Pods Manifest.lock";
			outputFileListPaths = (
			);
			outputPaths = (
				"$(DERIVED_FILE_DIR)/Pods-GenkitaiSo-checkManifestLockResult.txt",
			);
			runOnlyForDeploymentPostprocessing = 0;
			shellPath = /bin/sh;
			shellScript = "diff \"${PODS_PODFILE_DIR_PATH}/Podfile.lock\" \"${PODS_ROOT}/Manifest.lock\" > /dev/null\nif [ $? != 0 ] ; then\n    # print error to STDERR\n    echo \"error: The sandbox is not in sync with the Podfile.lock. Run 'pod install' or update your CocoaPods installation.\" >&2\n    exit 1\nfi\n# This output is used by Xcode 'outputs' to avoid re-running this script phase.\necho \"SUCCESS\" > \"${SCRIPT_OUTPUT_FILE_0}\"\n";
			showEnvVarsInLog = 0;
		};
/* End PBXShellScriptBuildPhase section */

/* Begin PBXSourcesBuildPhase section */
		26302B35299B2656008AB32D /* Sources */ = {
			isa = PBXSourcesBuildPhase;
			buildActionMask = 2147483647;
			files = (
				26302B43299B2656008AB32D /* GameScene.swift in Sources */,
				26302B45299B2656008AB32D /* GameViewController.swift in Sources */,
				267382EE299D11A400E9CC30 /* SquareNode.swift in Sources */,
				26302B5A299B2A1E008AB32D /* Index.swift in Sources */,
				26302B62299B2AA7008AB32D /* Message.swift in Sources */,
				2623A23329AA7BBF00E7C193 /* ChatTableViewCell.swift in Sources */,
				26302B69299B2BC4008AB32D /* SquareStateDelegate.swift in Sources */,
				26302B58299B29C4008AB32D /* Piece.swift in Sources */,
				267382EC299D0E4000E9CC30 /* SquareState.swift in Sources */,
				26302B5C299B2A54008AB32D /* Board.swift in Sources */,
				26302B5F299B2A98008AB32D /* Chat.swift in Sources */,
				26302B65299B2B50008AB32D /* BoardDelegate.swift in Sources */,
				26302B67299B2B72008AB32D /* PieceDelegate.swift in Sources */,
				26302B3D299B2656008AB32D /* AppDelegate.swift in Sources */,
				26302B6C299BB00B008AB32D /* SocketService.swift in Sources */,
				26302B55299B2904008AB32D /* Constants.swift in Sources */,
			);
			runOnlyForDeploymentPostprocessing = 0;
		};
/* End PBXSourcesBuildPhase section */

/* Begin PBXVariantGroup section */
		26302B46299B2656008AB32D /* Main.storyboard */ = {
			isa = PBXVariantGroup;
			children = (
				26302B47299B2656008AB32D /* Base */,
			);
			name = Main.storyboard;
			sourceTree = "<group>";
		};
		26302B4B299B2658008AB32D /* LaunchScreen.storyboard */ = {
			isa = PBXVariantGroup;
			children = (
				26302B4C299B2658008AB32D /* Base */,
			);
			name = LaunchScreen.storyboard;
			sourceTree = "<group>";
		};
/* End PBXVariantGroup section */

/* Begin XCBuildConfiguration section */
		26302B4E299B2658008AB32D /* Debug */ = {
			isa = XCBuildConfiguration;
			buildSettings = {
				ALWAYS_SEARCH_USER_PATHS = NO;
				CLANG_ANALYZER_NONNULL = YES;
				CLANG_ANALYZER_NUMBER_OBJECT_CONVERSION = YES_AGGRESSIVE;
				CLANG_CXX_LANGUAGE_STANDARD = "gnu++20";
				CLANG_ENABLE_MODULES = YES;
				CLANG_ENABLE_OBJC_ARC = YES;
				CLANG_ENABLE_OBJC_WEAK = YES;
				CLANG_WARN_BLOCK_CAPTURE_AUTORELEASING = YES;
				CLANG_WARN_BOOL_CONVERSION = YES;
				CLANG_WARN_COMMA = YES;
				CLANG_WARN_CONSTANT_CONVERSION = YES;
				CLANG_WARN_DEPRECATED_OBJC_IMPLEMENTATIONS = YES;
				CLANG_WARN_DIRECT_OBJC_ISA_USAGE = YES_ERROR;
				CLANG_WARN_DOCUMENTATION_COMMENTS = YES;
				CLANG_WARN_EMPTY_BODY = YES;
				CLANG_WARN_ENUM_CONVERSION = YES;
				CLANG_WARN_INFINITE_RECURSION = YES;
				CLANG_WARN_INT_CONVERSION = YES;
				CLANG_WARN_NON_LITERAL_NULL_CONVERSION = YES;
				CLANG_WARN_OBJC_IMPLICIT_RETAIN_SELF = YES;
				CLANG_WARN_OBJC_LITERAL_CONVERSION = YES;
				CLANG_WARN_OBJC_ROOT_CLASS = YES_ERROR;
				CLANG_WARN_QUOTED_INCLUDE_IN_FRAMEWORK_HEADER = YES;
				CLANG_WARN_RANGE_LOOP_ANALYSIS = YES;
				CLANG_WARN_STRICT_PROTOTYPES = YES;
				CLANG_WARN_SUSPICIOUS_MOVE = YES;
				CLANG_WARN_UNGUARDED_AVAILABILITY = YES_AGGRESSIVE;
				CLANG_WARN_UNREACHABLE_CODE = YES;
				CLANG_WARN__DUPLICATE_METHOD_MATCH = YES;
				COPY_PHASE_STRIP = NO;
				DEBUG_INFORMATION_FORMAT = dwarf;
				ENABLE_STRICT_OBJC_MSGSEND = YES;
				ENABLE_TESTABILITY = YES;
				GCC_C_LANGUAGE_STANDARD = gnu11;
				GCC_DYNAMIC_NO_PIC = NO;
				GCC_NO_COMMON_BLOCKS = YES;
				GCC_OPTIMIZATION_LEVEL = 0;
				GCC_PREPROCESSOR_DEFINITIONS = (
					"DEBUG=1",
					"$(inherited)",
				);
				GCC_WARN_64_TO_32_BIT_CONVERSION = YES;
				GCC_WARN_ABOUT_RETURN_TYPE = YES_ERROR;
				GCC_WARN_UNDECLARED_SELECTOR = YES;
				GCC_WARN_UNINITIALIZED_AUTOS = YES_AGGRESSIVE;
				GCC_WARN_UNUSED_FUNCTION = YES;
				GCC_WARN_UNUSED_VARIABLE = YES;
				IPHONEOS_DEPLOYMENT_TARGET = 16.2;
				MTL_ENABLE_DEBUG_INFO = INCLUDE_SOURCE;
				MTL_FAST_MATH = YES;
				ONLY_ACTIVE_ARCH = YES;
				SDKROOT = iphoneos;
				SWIFT_ACTIVE_COMPILATION_CONDITIONS = DEBUG;
				SWIFT_OPTIMIZATION_LEVEL = "-Onone";
			};
			name = Debug;
		};
		26302B4F299B2658008AB32D /* Release */ = {
			isa = XCBuildConfiguration;
			buildSettings = {
				ALWAYS_SEARCH_USER_PATHS = NO;
				CLANG_ANALYZER_NONNULL = YES;
				CLANG_ANALYZER_NUMBER_OBJECT_CONVERSION = YES_AGGRESSIVE;
				CLANG_CXX_LANGUAGE_STANDARD = "gnu++20";
				CLANG_ENABLE_MODULES = YES;
				CLANG_ENABLE_OBJC_ARC = YES;
				CLANG_ENABLE_OBJC_WEAK = YES;
				CLANG_WARN_BLOCK_CAPTURE_AUTORELEASING = YES;
				CLANG_WARN_BOOL_CONVERSION = YES;
				CLANG_WARN_COMMA = YES;
				CLANG_WARN_CONSTANT_CONVERSION = YES;
				CLANG_WARN_DEPRECATED_OBJC_IMPLEMENTATIONS = YES;
				CLANG_WARN_DIRECT_OBJC_ISA_USAGE = YES_ERROR;
				CLANG_WARN_DOCUMENTATION_COMMENTS = YES;
				CLANG_WARN_EMPTY_BODY = YES;
				CLANG_WARN_ENUM_CONVERSION = YES;
				CLANG_WARN_INFINITE_RECURSION = YES;
				CLANG_WARN_INT_CONVERSION = YES;
				CLANG_WARN_NON_LITERAL_NULL_CONVERSION = YES;
				CLANG_WARN_OBJC_IMPLICIT_RETAIN_SELF = YES;
				CLANG_WARN_OBJC_LITERAL_CONVERSION = YES;
				CLANG_WARN_OBJC_ROOT_CLASS = YES_ERROR;
				CLANG_WARN_QUOTED_INCLUDE_IN_FRAMEWORK_HEADER = YES;
				CLANG_WARN_RANGE_LOOP_ANALYSIS = YES;
				CLANG_WARN_STRICT_PROTOTYPES = YES;
				CLANG_WARN_SUSPICIOUS_MOVE = YES;
				CLANG_WARN_UNGUARDED_AVAILABILITY = YES_AGGRESSIVE;
				CLANG_WARN_UNREACHABLE_CODE = YES;
				CLANG_WARN__DUPLICATE_METHOD_MATCH = YES;
				COPY_PHASE_STRIP = NO;
				DEBUG_INFORMATION_FORMAT = "dwarf-with-dsym";
				ENABLE_NS_ASSERTIONS = NO;
				ENABLE_STRICT_OBJC_MSGSEND = YES;
				GCC_C_LANGUAGE_STANDARD = gnu11;
				GCC_NO_COMMON_BLOCKS = YES;
				GCC_WARN_64_TO_32_BIT_CONVERSION = YES;
				GCC_WARN_ABOUT_RETURN_TYPE = YES_ERROR;
				GCC_WARN_UNDECLARED_SELECTOR = YES;
				GCC_WARN_UNINITIALIZED_AUTOS = YES_AGGRESSIVE;
				GCC_WARN_UNUSED_FUNCTION = YES;
				GCC_WARN_UNUSED_VARIABLE = YES;
				IPHONEOS_DEPLOYMENT_TARGET = 16.2;
				MTL_ENABLE_DEBUG_INFO = NO;
				MTL_FAST_MATH = YES;
				SDKROOT = iphoneos;
				SWIFT_COMPILATION_MODE = wholemodule;
				SWIFT_OPTIMIZATION_LEVEL = "-O";
				VALIDATE_PRODUCT = YES;
			};
			name = Release;
		};
		26302B51299B2658008AB32D /* Debug */ = {
			isa = XCBuildConfiguration;
			baseConfigurationReference = 48EA2432914D60882EFA73A9 /* Pods-GenkitaiSo.debug.xcconfig */;
			buildSettings = {
				ASSETCATALOG_COMPILER_APPICON_NAME = AppIcon;
				ASSETCATALOG_COMPILER_GLOBAL_ACCENT_COLOR_NAME = AccentColor;
				CODE_SIGN_STYLE = Automatic;
				CURRENT_PROJECT_VERSION = 1;
				DEVELOPMENT_TEAM = S7LBWA3M99;
				GENERATE_INFOPLIST_FILE = YES;
				INFOPLIST_KEY_LSApplicationCategoryType = "public.app-category.puzzle-games";
				INFOPLIST_KEY_UIApplicationSupportsIndirectInputEvents = YES;
				INFOPLIST_KEY_UILaunchStoryboardName = LaunchScreen;
				INFOPLIST_KEY_UIMainStoryboardFile = Main;
				INFOPLIST_KEY_UIStatusBarHidden = YES;
				INFOPLIST_KEY_UISupportedInterfaceOrientations = "UIInterfaceOrientationLandscapeLeft UIInterfaceOrientationLandscapeRight UIInterfaceOrientationPortrait";
				LD_RUNPATH_SEARCH_PATHS = (
					"$(inherited)",
					"@executable_path/Frameworks",
				);
				MARKETING_VERSION = 1.0;
				PRODUCT_BUNDLE_IDENTIFIER = com.amandatavares.GenkitaiSo;
				PRODUCT_NAME = "$(TARGET_NAME)";
				SWIFT_EMIT_LOC_STRINGS = YES;
				SWIFT_VERSION = 5.0;
				TARGETED_DEVICE_FAMILY = "1,2";
			};
			name = Debug;
		};
		26302B52299B2658008AB32D /* Release */ = {
			isa = XCBuildConfiguration;
			baseConfigurationReference = 7004FACA9B209E8A249910D4 /* Pods-GenkitaiSo.release.xcconfig */;
			buildSettings = {
				ASSETCATALOG_COMPILER_APPICON_NAME = AppIcon;
				ASSETCATALOG_COMPILER_GLOBAL_ACCENT_COLOR_NAME = AccentColor;
				CODE_SIGN_STYLE = Automatic;
				CURRENT_PROJECT_VERSION = 1;
				DEVELOPMENT_TEAM = S7LBWA3M99;
				GENERATE_INFOPLIST_FILE = YES;
				INFOPLIST_KEY_LSApplicationCategoryType = "public.app-category.puzzle-games";
				INFOPLIST_KEY_UIApplicationSupportsIndirectInputEvents = YES;
				INFOPLIST_KEY_UILaunchStoryboardName = LaunchScreen;
				INFOPLIST_KEY_UIMainStoryboardFile = Main;
				INFOPLIST_KEY_UIStatusBarHidden = YES;
				INFOPLIST_KEY_UISupportedInterfaceOrientations = "UIInterfaceOrientationLandscapeLeft UIInterfaceOrientationLandscapeRight UIInterfaceOrientationPortrait";
				LD_RUNPATH_SEARCH_PATHS = (
					"$(inherited)",
					"@executable_path/Frameworks",
				);
				MARKETING_VERSION = 1.0;
				PRODUCT_BUNDLE_IDENTIFIER = com.amandatavares.GenkitaiSo;
				PRODUCT_NAME = "$(TARGET_NAME)";
				SWIFT_EMIT_LOC_STRINGS = YES;
				SWIFT_VERSION = 5.0;
				TARGETED_DEVICE_FAMILY = "1,2";
			};
			name = Release;
		};
/* End XCBuildConfiguration section */

/* Begin XCConfigurationList section */
		26302B34299B2656008AB32D /* Build configuration list for PBXProject "GenkitaiSo" */ = {
			isa = XCConfigurationList;
			buildConfigurations = (
				26302B4E299B2658008AB32D /* Debug */,
				26302B4F299B2658008AB32D /* Release */,
			);
			defaultConfigurationIsVisible = 0;
			defaultConfigurationName = Release;
		};
		26302B50299B2658008AB32D /* Build configuration list for PBXNativeTarget "GenkitaiSo" */ = {
			isa = XCConfigurationList;
			buildConfigurations = (
				26302B51299B2658008AB32D /* Debug */,
				26302B52299B2658008AB32D /* Release */,
			);
			defaultConfigurationIsVisible = 0;
			defaultConfigurationName = Release;
		};
/* End XCConfigurationList section */
	};
	rootObject = 26302B31299B2656008AB32D /* Project object */;
}
